// !$*UTF8*$!
{
	archiveVersion = 1;
	classes = {
	};
	objectVersion = 46;
	objects = {

/* Begin PBXBuildFile section */
		52B2E4E1187392870064DE3A /* Foundation.framework in Frameworks */ = {isa = PBXBuildFile; fileRef = 52B2E4E0187392870064DE3A /* Foundation.framework */; };
		52B2E4E3187392870064DE3A /* CoreGraphics.framework in Frameworks */ = {isa = PBXBuildFile; fileRef = 52B2E4E2187392870064DE3A /* CoreGraphics.framework */; };
		52B2E4E5187392870064DE3A /* UIKit.framework in Frameworks */ = {isa = PBXBuildFile; fileRef = 52B2E4E4187392870064DE3A /* UIKit.framework */; };
		52B2E4EB187392870064DE3A /* InfoPlist.strings in Resources */ = {isa = PBXBuildFile; fileRef = 52B2E4E9187392870064DE3A /* InfoPlist.strings */; };
		52B2E4ED187392870064DE3A /* main.m in Sources */ = {isa = PBXBuildFile; fileRef = 52B2E4EC187392870064DE3A /* main.m */; };
		52B2E4F1187392870064DE3A /* AppDelegate.m in Sources */ = {isa = PBXBuildFile; fileRef = 52B2E4F0187392870064DE3A /* AppDelegate.m */; };
		52B2E4F4187392870064DE3A /* Main_iPhone.storyboard in Resources */ = {isa = PBXBuildFile; fileRef = 52B2E4F2187392870064DE3A /* Main_iPhone.storyboard */; };
		52B2E4F7187392870064DE3A /* Main_iPad.storyboard in Resources */ = {isa = PBXBuildFile; fileRef = 52B2E4F5187392870064DE3A /* Main_iPad.storyboard */; };
		52B2E4FA187392870064DE3A /* ViewController.m in Sources */ = {isa = PBXBuildFile; fileRef = 52B2E4F9187392870064DE3A /* ViewController.m */; };
		52B2E4FC187392870064DE3A /* Images.xcassets in Resources */ = {isa = PBXBuildFile; fileRef = 52B2E4FB187392870064DE3A /* Images.xcassets */; };
		52B2E503187392880064DE3A /* XCTest.framework in Frameworks */ = {isa = PBXBuildFile; fileRef = 52B2E502187392880064DE3A /* XCTest.framework */; };
		52B2E504187392880064DE3A /* Foundation.framework in Frameworks */ = {isa = PBXBuildFile; fileRef = 52B2E4E0187392870064DE3A /* Foundation.framework */; };
		52B2E505187392880064DE3A /* UIKit.framework in Frameworks */ = {isa = PBXBuildFile; fileRef = 52B2E4E4187392870064DE3A /* UIKit.framework */; };
		52B2E50D187392880064DE3A /* InfoPlist.strings in Resources */ = {isa = PBXBuildFile; fileRef = 52B2E50B187392880064DE3A /* InfoPlist.strings */; };
		52B2E50F187392880064DE3A /* AlphaTouchTests.m in Sources */ = {isa = PBXBuildFile; fileRef = 52B2E50E187392880064DE3A /* AlphaTouchTests.m */; };
/* End PBXBuildFile section */

/* Begin PBXContainerItemProxy section */
		52B2E506187392880064DE3A /* PBXContainerItemProxy */ = {
			isa = PBXContainerItemProxy;
			containerPortal = 52B2E4D5187392870064DE3A /* Project object */;
			proxyType = 1;
			remoteGlobalIDString = 52B2E4DC187392870064DE3A;
			remoteInfo = AlphaTouch;
		};
/* End PBXContainerItemProxy section */

/* Begin PBXFileReference section */
		52B2E4DD187392870064DE3A /* AlphaTouch.app */ = {isa = PBXFileReference; explicitFileType = wrapper.application; includeInIndex = 0; path = AlphaTouch.app; sourceTree = BUILT_PRODUCTS_DIR; };
		52B2E4E0187392870064DE3A /* Foundation.framework */ = {isa = PBXFileReference; lastKnownFileType = wrapper.framework; name = Foundation.framework; path = System/Library/Frameworks/Foundation.framework; sourceTree = SDKROOT; };
		52B2E4E2187392870064DE3A /* CoreGraphics.framework */ = {isa = PBXFileReference; lastKnownFileType = wrapper.framework; name = CoreGraphics.framework; path = System/Library/Frameworks/CoreGraphics.framework; sourceTree = SDKROOT; };
		52B2E4E4187392870064DE3A /* UIKit.framework */ = {isa = PBXFileReference; lastKnownFileType = wrapper.framework; name = UIKit.framework; path = System/Library/Frameworks/UIKit.framework; sourceTree = SDKROOT; };
		52B2E4E8187392870064DE3A /* AlphaTouch-Info.plist */ = {isa = PBXFileReference; lastKnownFileType = text.plist.xml; path = "AlphaTouch-Info.plist"; sourceTree = "<group>"; };
		52B2E4EA187392870064DE3A /* en */ = {isa = PBXFileReference; lastKnownFileType = text.plist.strings; name = en; path = en.lproj/InfoPlist.strings; sourceTree = "<group>"; };
		52B2E4EC187392870064DE3A /* main.m */ = {isa = PBXFileReference; lastKnownFileType = sourcecode.c.objc; path = main.m; sourceTree = "<group>"; };
		52B2E4EE187392870064DE3A /* AlphaTouch-Prefix.pch */ = {isa = PBXFileReference; lastKnownFileType = sourcecode.c.h; path = "AlphaTouch-Prefix.pch"; sourceTree = "<group>"; };
		52B2E4EF187392870064DE3A /* AppDelegate.h */ = {isa = PBXFileReference; lastKnownFileType = sourcecode.c.h; path = AppDelegate.h; sourceTree = "<group>"; };
		52B2E4F0187392870064DE3A /* AppDelegate.m */ = {isa = PBXFileReference; lastKnownFileType = sourcecode.c.objc; path = AppDelegate.m; sourceTree = "<group>"; xcLanguageSpecificationIdentifier = xcode.lang.objc; };
		52B2E4F3187392870064DE3A /* Base */ = {isa = PBXFileReference; lastKnownFileType = file.storyboard; name = Base; path = Base.lproj/Main_iPhone.storyboard; sourceTree = "<group>"; };
		52B2E4F6187392870064DE3A /* Base */ = {isa = PBXFileReference; lastKnownFileType = file.storyboard; name = Base; path = Base.lproj/Main_iPad.storyboard; sourceTree = "<group>"; };
		52B2E4F8187392870064DE3A /* ViewController.h */ = {isa = PBXFileReference; lastKnownFileType = sourcecode.c.h; path = ViewController.h; sourceTree = "<group>"; };
		52B2E4F9187392870064DE3A /* ViewController.m */ = {isa = PBXFileReference; lastKnownFileType = sourcecode.c.objc; path = ViewController.m; sourceTree = "<group>"; };
		52B2E4FB187392870064DE3A /* Images.xcassets */ = {isa = PBXFileReference; lastKnownFileType = folder.assetcatalog; path = Images.xcassets; sourceTree = "<group>"; };
		52B2E501187392880064DE3A /* AlphaTouchTests.xctest */ = {isa = PBXFileReference; explicitFileType = wrapper.cfbundle; includeInIndex = 0; path = AlphaTouchTests.xctest; sourceTree = BUILT_PRODUCTS_DIR; };
		52B2E502187392880064DE3A /* XCTest.framework */ = {isa = PBXFileReference; lastKnownFileType = wrapper.framework; name = XCTest.framework; path = Library/Frameworks/XCTest.framework; sourceTree = DEVELOPER_DIR; };
		52B2E50A187392880064DE3A /* AlphaTouchTests-Info.plist */ = {isa = PBXFileReference; lastKnownFileType = text.plist.xml; path = "AlphaTouchTests-Info.plist"; sourceTree = "<group>"; };
		52B2E50C187392880064DE3A /* en */ = {isa = PBXFileReference; lastKnownFileType = text.plist.strings; name = en; path = en.lproj/InfoPlist.strings; sourceTree = "<group>"; };
		52B2E50E187392880064DE3A /* AlphaTouchTests.m */ = {isa = PBXFileReference; lastKnownFileType = sourcecode.c.objc; path = AlphaTouchTests.m; sourceTree = "<group>"; };
/* End PBXFileReference section */

/* Begin PBXFrameworksBuildPhase section */
		52B2E4DA187392870064DE3A /* Frameworks */ = {
			isa = PBXFrameworksBuildPhase;
			buildActionMask = 2147483647;
			files = (
				52B2E4E3187392870064DE3A /* CoreGraphics.framework in Frameworks */,
				52B2E4E5187392870064DE3A /* UIKit.framework in Frameworks */,
				52B2E4E1187392870064DE3A /* Foundation.framework in Frameworks */,
			);
			runOnlyForDeploymentPostprocessing = 0;
		};
		52B2E4FE187392880064DE3A /* Frameworks */ = {
			isa = PBXFrameworksBuildPhase;
			buildActionMask = 2147483647;
			files = (
				52B2E503187392880064DE3A /* XCTest.framework in Frameworks */,
				52B2E505187392880064DE3A /* UIKit.framework in Frameworks */,
				52B2E504187392880064DE3A /* Foundation.framework in Frameworks */,
			);
			runOnlyForDeploymentPostprocessing = 0;
		};
/* End PBXFrameworksBuildPhase section */

/* Begin PBXGroup section */
		52B2E4D4187392870064DE3A = {
			isa = PBXGroup;
			children = (
				52B2E4E6187392870064DE3A /* AlphaTouch */,
				52B2E508187392880064DE3A /* AlphaTouchTests */,
				52B2E4DF187392870064DE3A /* Frameworks */,
				52B2E4DE187392870064DE3A /* Products */,
			);
			sourceTree = "<group>";
		};
		52B2E4DE187392870064DE3A /* Products */ = {
			isa = PBXGroup;
			children = (
				52B2E4DD187392870064DE3A /* AlphaTouch.app */,
				52B2E501187392880064DE3A /* AlphaTouchTests.xctest */,
			);
			name = Products;
			sourceTree = "<group>";
		};
		52B2E4DF187392870064DE3A /* Frameworks */ = {
			isa = PBXGroup;
			children = (
				52B2E4E0187392870064DE3A /* Foundation.framework */,
				52B2E4E2187392870064DE3A /* CoreGraphics.framework */,
				52B2E4E4187392870064DE3A /* UIKit.framework */,
				52B2E502187392880064DE3A /* XCTest.framework */,
			);
			name = Frameworks;
			sourceTree = "<group>";
		};
		52B2E4E6187392870064DE3A /* AlphaTouch */ = {
			isa = PBXGroup;
			children = (
				52B2E4EF187392870064DE3A /* AppDelegate.h */,
				52B2E4F0187392870064DE3A /* AppDelegate.m */,
				52B2E4F2187392870064DE3A /* Main_iPhone.storyboard */,
				52B2E4F5187392870064DE3A /* Main_iPad.storyboard */,
				52B2E4F8187392870064DE3A /* ViewController.h */,
				52B2E4F9187392870064DE3A /* ViewController.m */,
				52B2E4FB187392870064DE3A /* Images.xcassets */,
				52B2E4E7187392870064DE3A /* Supporting Files */,
			);
			path = AlphaTouch;
			sourceTree = "<group>";
		};
		52B2E4E7187392870064DE3A /* Supporting Files */ = {
			isa = PBXGroup;
			children = (
				52B2E4E8187392870064DE3A /* AlphaTouch-Info.plist */,
				52B2E4E9187392870064DE3A /* InfoPlist.strings */,
				52B2E4EC187392870064DE3A /* main.m */,
				52B2E4EE187392870064DE3A /* AlphaTouch-Prefix.pch */,
			);
			name = "Supporting Files";
			sourceTree = "<group>";
		};
		52B2E508187392880064DE3A /* AlphaTouchTests */ = {
			isa = PBXGroup;
			children = (
				52B2E50E187392880064DE3A /* AlphaTouchTests.m */,
				52B2E509187392880064DE3A /* Supporting Files */,
			);
			path = AlphaTouchTests;
			sourceTree = "<group>";
		};
		52B2E509187392880064DE3A /* Supporting Files */ = {
			isa = PBXGroup;
			children = (
				52B2E50A187392880064DE3A /* AlphaTouchTests-Info.plist */,
				52B2E50B187392880064DE3A /* InfoPlist.strings */,
			);
			name = "Supporting Files";
			sourceTree = "<group>";
		};
/* End PBXGroup section */

/* Begin PBXNativeTarget section */
		52B2E4DC187392870064DE3A /* AlphaTouch */ = {
			isa = PBXNativeTarget;
			buildConfigurationList = 52B2E512187392880064DE3A /* Build configuration list for PBXNativeTarget "AlphaTouch" */;
			buildPhases = (
				52B2E4D9187392870064DE3A /* Sources */,
				52B2E4DA187392870064DE3A /* Frameworks */,
				52B2E4DB187392870064DE3A /* Resources */,
			);
			buildRules = (
			);
			dependencies = (
			);
			name = AlphaTouch;
			productName = AlphaTouch;
			productReference = 52B2E4DD187392870064DE3A /* AlphaTouch.app */;
			productType = "com.apple.product-type.application";
		};
		52B2E500187392880064DE3A /* AlphaTouchTests */ = {
			isa = PBXNativeTarget;
			buildConfigurationList = 52B2E515187392880064DE3A /* Build configuration list for PBXNativeTarget "AlphaTouchTests" */;
			buildPhases = (
				52B2E4FD187392880064DE3A /* Sources */,
				52B2E4FE187392880064DE3A /* Frameworks */,
				52B2E4FF187392880064DE3A /* Resources */,
			);
			buildRules = (
			);
			dependencies = (
				52B2E507187392880064DE3A /* PBXTargetDependency */,
			);
			name = AlphaTouchTests;
			productName = AlphaTouchTests;
			productReference = 52B2E501187392880064DE3A /* AlphaTouchTests.xctest */;
			productType = "com.apple.product-type.bundle.unit-test";
		};
/* End PBXNativeTarget section */

/* Begin PBXProject section */
		52B2E4D5187392870064DE3A /* Project object */ = {
			isa = PBXProject;
			attributes = {
				LastUpgradeCheck = 0500;
				ORGANIZATIONNAME = "John Davalos";
				TargetAttributes = {
					52B2E500187392880064DE3A = {
						TestTargetID = 52B2E4DC187392870064DE3A;
					};
				};
			};
			buildConfigurationList = 52B2E4D8187392870064DE3A /* Build configuration list for PBXProject "AlphaTouch" */;
			compatibilityVersion = "Xcode 3.2";
			developmentRegion = English;
			hasScannedForEncodings = 0;
			knownRegions = (
				en,
				Base,
			);
			mainGroup = 52B2E4D4187392870064DE3A;
			productRefGroup = 52B2E4DE187392870064DE3A /* Products */;
			projectDirPath = "";
			projectRoot = "";
			targets = (
				52B2E4DC187392870064DE3A /* AlphaTouch */,
				52B2E500187392880064DE3A /* AlphaTouchTests */,
			);
		};
/* End PBXProject section */

/* Begin PBXResourcesBuildPhase section */
		52B2E4DB187392870064DE3A /* Resources */ = {
			isa = PBXResourcesBuildPhase;
			buildActionMask = 2147483647;
			files = (
				52B2E4F7187392870064DE3A /* Main_iPad.storyboard in Resources */,
				52B2E4FC187392870064DE3A /* Images.xcassets in Resources */,
				52B2E4F4187392870064DE3A /* Main_iPhone.storyboard in Resources */,
				52B2E4EB187392870064DE3A /* InfoPlist.strings in Resources */,
			);
			runOnlyForDeploymentPostprocessing = 0;
		};
		52B2E4FF187392880064DE3A /* Resources */ = {
			isa = PBXResourcesBuildPhase;
			buildActionMask = 2147483647;
			files = (
				52B2E50D187392880064DE3A /* InfoPlist.strings in Resources */,
			);
			runOnlyForDeploymentPostprocessing = 0;
		};
/* End PBXResourcesBuildPhase section */

/* Begin PBXSourcesBuildPhase section */
		52B2E4D9187392870064DE3A /* Sources */ = {
			isa = PBXSourcesBuildPhase;
			buildActionMask = 2147483647;
			files = (
				52B2E4FA187392870064DE3A /* ViewController.m in Sources */,
				52B2E4F1187392870064DE3A /* AppDelegate.m in Sources */,
				52B2E4ED187392870064DE3A /* main.m in Sources */,
			);
			runOnlyForDeploymentPostprocessing = 0;
		};
		52B2E4FD187392880064DE3A /* Sources */ = {
			isa = PBXSourcesBuildPhase;
			buildActionMask = 2147483647;
			files = (
				52B2E50F187392880064DE3A /* AlphaTouchTests.m in Sources */,
			);
			runOnlyForDeploymentPostprocessing = 0;
		};
/* End PBXSourcesBuildPhase section */

/* Begin PBXTargetDependency section */
		52B2E507187392880064DE3A /* PBXTargetDependency */ = {
			isa = PBXTargetDependency;
			target = 52B2E4DC187392870064DE3A /* AlphaTouch */;
			targetProxy = 52B2E506187392880064DE3A /* PBXContainerItemProxy */;
		};
/* End PBXTargetDependency section */

/* Begin PBXVariantGroup section */
		52B2E4E9187392870064DE3A /* InfoPlist.strings */ = {
			isa = PBXVariantGroup;
			children = (
				52B2E4EA187392870064DE3A /* en */,
			);
			name = InfoPlist.strings;
			sourceTree = "<group>";
		};
		52B2E4F2187392870064DE3A /* Main_iPhone.storyboard */ = {
			isa = PBXVariantGroup;
			children = (
				52B2E4F3187392870064DE3A /* Base */,
			);
			name = Main_iPhone.storyboard;
			sourceTree = "<group>";
		};
		52B2E4F5187392870064DE3A /* Main_iPad.storyboard */ = {
			isa = PBXVariantGroup;
			children = (
				52B2E4F6187392870064DE3A /* Base */,
			);
			name = Main_iPad.storyboard;
			sourceTree = "<group>";
		};
		52B2E50B187392880064DE3A /* InfoPlist.strings */ = {
			isa = PBXVariantGroup;
			children = (
				52B2E50C187392880064DE3A /* en */,
			);
			name = InfoPlist.strings;
			sourceTree = "<group>";
		};
/* End PBXVariantGroup section */

/* Begin XCBuildConfiguration section */
		52B2E510187392880064DE3A /* Debug */ = {
			isa = XCBuildConfiguration;
			buildSettings = {
				ALWAYS_SEARCH_USER_PATHS = NO;
				ARCHS = "$(ARCHS_STANDARD_INCLUDING_64_BIT)";
				CLANG_CXX_LANGUAGE_STANDARD = "gnu++0x";
				CLANG_CXX_LIBRARY = "libc++";
				CLANG_ENABLE_MODULES = YES;
				CLANG_ENABLE_OBJC_ARC = YES;
				CLANG_WARN_BOOL_CONVERSION = YES;
				CLANG_WARN_CONSTANT_CONVERSION = YES;
				CLANG_WARN_DIRECT_OBJC_ISA_USAGE = YES_ERROR;
				CLANG_WARN_EMPTY_BODY = YES;
				CLANG_WARN_ENUM_CONVERSION = YES;
				CLANG_WARN_INT_CONVERSION = YES;
				CLANG_WARN_OBJC_ROOT_CLASS = YES_ERROR;
				CLANG_WARN__DUPLICATE_METHOD_MATCH = YES;
				"CODE_SIGN_IDENTITY[sdk=iphoneos*]" = "iPhone Developer";
				COPY_PHASE_STRIP = NO;
				GCC_C_LANGUAGE_STANDARD = gnu99;
				GCC_DYNAMIC_NO_PIC = NO;
				GCC_OPTIMIZATION_LEVEL = 0;
				GCC_PREPROCESSOR_DEFINITIONS = (
					"DEBUG=1",
					"$(inherited)",
				);
				GCC_SYMBOLS_PRIVATE_EXTERN = NO;
				GCC_WARN_64_TO_32_BIT_CONVERSION = YES;
				GCC_WARN_ABOUT_RETURN_TYPE = YES_ERROR;
				GCC_WARN_UNDECLARED_SELECTOR = YES;
				GCC_WARN_UNINITIALIZED_AUTOS = YES;
				GCC_WARN_UNUSED_FUNCTION = YES;
				GCC_WARN_UNUSED_VARIABLE = YES;
				IPHONEOS_DEPLOYMENT_TARGET = 7.0;
				ONLY_ACTIVE_ARCH = YES;
				SDKROOT = iphoneos;
				TARGETED_DEVICE_FAMILY = "1,2";
			};
			name = Debug;
		};
		52B2E511187392880064DE3A /* Release */ = {
			isa = XCBuildConfiguration;
			buildSettings = {
				ALWAYS_SEARCH_USER_PATHS = NO;
				ARCHS = "$(ARCHS_STANDARD_INCLUDING_64_BIT)";
				CLANG_CXX_LANGUAGE_STANDARD = "gnu++0x";
				CLANG_CXX_LIBRARY = "libc++";
				CLANG_ENABLE_MODULES = YES;
				CLANG_ENABLE_OBJC_ARC = YES;
				CLANG_WARN_BOOL_CONVERSION = YES;
				CLANG_WARN_CONSTANT_CONVERSION = YES;
				CLANG_WARN_DIRECT_OBJC_ISA_USAGE = YES_ERROR;
				CLANG_WARN_EMPTY_BODY = YES;
				CLANG_WARN_ENUM_CONVERSION = YES;
				CLANG_WARN_INT_CONVERSION = YES;
				CLANG_WARN_OBJC_ROOT_CLASS = YES_ERROR;
				CLANG_WARN__DUPLICATE_METHOD_MATCH = YES;
				"CODE_SIGN_IDENTITY[sdk=iphoneos*]" = "iPhone Developer";
				COPY_PHASE_STRIP = YES;
				ENABLE_NS_ASSERTIONS = NO;
				GCC_C_LANGUAGE_STANDARD = gnu99;
				GCC_WARN_64_TO_32_BIT_CONVERSION = YES;
				GCC_WARN_ABOUT_RETURN_TYPE = YES_ERROR;
				GCC_WARN_UNDECLARED_SELECTOR = YES;
				GCC_WARN_UNINITIALIZED_AUTOS = YES;
				GCC_WARN_UNUSED_FUNCTION = YES;
				GCC_WARN_UNUSED_VARIABLE = YES;
				IPHONEOS_DEPLOYMENT_TARGET = 7.0;
				SDKROOT = iphoneos;
				TARGETED_DEVICE_FAMILY = "1,2";
				VALIDATE_PRODUCT = YES;
			};
			name = Release;
		};
		52B2E513187392880064DE3A /* Debug */ = {
			isa = XCBuildConfiguration;
			buildSettings = {
				ASSETCATALOG_COMPILER_APPICON_NAME = AppIcon;
				ASSETCATALOG_COMPILER_LAUNCHIMAGE_NAME = LaunchImage;
				GCC_PRECOMPILE_PREFIX_HEADER = YES;
				GCC_PREFIX_HEADER = "AlphaTouch/AlphaTouch-Prefix.pch";
				INFOPLIST_FILE = "AlphaTouch/AlphaTouch-Info.plist";
				PRODUCT_NAME = "$(TARGET_NAME)";
				WRAPPER_EXTENSION = app;
			};
			name = Debug;
		};
		52B2E514187392880064DE3A /* Release */ = {
			isa = XCBuildConfiguration;
			buildSettings = {
				ASSETCATALOG_COMPILER_APPICON_NAME = AppIcon;
				ASSETCATALOG_COMPILER_LAUNCHIMAGE_NAME = LaunchImage;
				GCC_PRECOMPILE_PREFIX_HEADER = YES;
				GCC_PREFIX_HEADER = "AlphaTouch/AlphaTouch-Prefix.pch";
				INFOPLIST_FILE = "AlphaTouch/AlphaTouch-Info.plist";
				PRODUCT_NAME = "$(TARGET_NAME)";
				WRAPPER_EXTENSION = app;
			};
			name = Release;
		};
		52B2E516187392880064DE3A /* Debug */ = {
			isa = XCBuildConfiguration;
			buildSettings = {
				ARCHS = "$(ARCHS_STANDARD_INCLUDING_64_BIT)";
				BUNDLE_LOADER = "$(BUILT_PRODUCTS_DIR)/AlphaTouch.app/AlphaTouch";
				FRAMEWORK_SEARCH_PATHS = (
					"$(SDKROOT)/Developer/Library/Frameworks",
					"$(inherited)",
					"$(DEVELOPER_FRAMEWORKS_DIR)",
				);
				GCC_PRECOMPILE_PREFIX_HEADER = YES;
				GCC_PREFIX_HEADER = "AlphaTouch/AlphaTouch-Prefix.pch";
				GCC_PREPROCESSOR_DEFINITIONS = (
					"DEBUG=1",
					"$(inherited)",
				);
				INFOPLIST_FILE = "AlphaTouchTests/AlphaTouchTests-Info.plist";
				PRODUCT_NAME = "$(TARGET_NAME)";
				TEST_HOST = "$(BUNDLE_LOADER)";
				WRAPPER_EXTENSION = xctest;
			};
			name = Debug;
		};
		52B2E517187392880064DE3A /* Release */ = {
			isa = XCBuildConfiguration;
			buildSettings = {
				ARCHS = "$(ARCHS_STANDARD_INCLUDING_64_BIT)";
				BUNDLE_LOADER = "$(BUILT_PRODUCTS_DIR)/AlphaTouch.app/AlphaTouch";
				FRAMEWORK_SEARCH_PATHS = (
					"$(SDKROOT)/Developer/Library/Frameworks",
					"$(inherited)",
					"$(DEVELOPER_FRAMEWORKS_DIR)",
				);
				GCC_PRECOMPILE_PREFIX_HEADER = YES;
				GCC_PREFIX_HEADER = "AlphaTouch/AlphaTouch-Prefix.pch";
				INFOPLIST_FILE = "AlphaTouchTests/AlphaTouchTests-Info.plist";
				PRODUCT_NAME = "$(TARGET_NAME)";
				TEST_HOST = "$(BUNDLE_LOADER)";
				WRAPPER_EXTENSION = xctest;
			};
			name = Release;
		};
/* End XCBuildConfiguration section */

/* Begin XCConfigurationList section */
		52B2E4D8187392870064DE3A /* Build configuration list for PBXProject "AlphaTouch" */ = {
			isa = XCConfigurationList;
			buildConfigurations = (
				52B2E510187392880064DE3A /* Debug */,
				52B2E511187392880064DE3A /* Release */,
			);
			defaultConfigurationIsVisible = 0;
			defaultConfigurationName = Release;
		};
		52B2E512187392880064DE3A /* Build configuration list for PBXNativeTarget "AlphaTouch" */ = {
			isa = XCConfigurationList;
			buildConfigurations = (
				52B2E513187392880064DE3A /* Debug */,
				52B2E514187392880064DE3A /* Release */,
			);
			defaultConfigurationIsVisible = 0;
		};
		52B2E515187392880064DE3A /* Build configuration list for PBXNativeTarget "AlphaTouchTests" */ = {
			isa = XCConfigurationList;
			buildConfigurations = (
				52B2E516187392880064DE3A /* Debug */,
				52B2E517187392880064DE3A /* Release */,
			);
			defaultConfigurationIsVisible = 0;
		};
/* End XCConfigurationList section */
	};
	rootObject = 52B2E4D5187392870064DE3A /* Project object */;
}
